[[package]]
name = "appdirs"
version = "1.4.4"
description = "A small Python module for determining appropriate platform-specific dirs, e.g. a \"user data dir\"."
category = "dev"
optional = false
python-versions = "*"

[[package]]
name = "atomicwrites"
version = "1.4.0"
description = "Atomic file writes."
category = "dev"
optional = false
python-versions = ">=2.7, !=3.0.*, !=3.1.*, !=3.2.*, !=3.3.*"

[[package]]
name = "attrs"
version = "20.3.0"
description = "Classes Without Boilerplate"
category = "dev"
optional = false
python-versions = ">=2.7, !=3.0.*, !=3.1.*, !=3.2.*, !=3.3.*"

[package.extras]
dev = ["coverage[toml] (>=5.0.2)", "hypothesis", "pympler", "pytest (>=4.3.0)", "six", "zope.interface", "furo", "sphinx", "pre-commit"]
docs = ["furo", "sphinx", "zope.interface"]
tests = ["coverage[toml] (>=5.0.2)", "hypothesis", "pympler", "pytest (>=4.3.0)", "six", "zope.interface"]
tests_no_zope = ["coverage[toml] (>=5.0.2)", "hypothesis", "pympler", "pytest (>=4.3.0)", "six"]

[[package]]
name = "black"
version = "21.5b0"
description = "The uncompromising code formatter."
category = "dev"
optional = false
python-versions = ">=3.6.2"

[package.dependencies]
appdirs = "*"
click = ">=7.1.2"
mypy-extensions = ">=0.4.3"
pathspec = ">=0.8.1,<1"
regex = ">=2020.1.8"
toml = ">=0.10.1"

[package.extras]
colorama = ["colorama (>=0.4.3)"]
d = ["aiohttp (>=3.3.2)", "aiohttp-cors"]
python2 = ["typed-ast (>=1.4.2)"]

[[package]]
name = "cffi"
version = "1.14.5"
description = "Foreign Function Interface for Python calling C code."
category = "main"
optional = false
python-versions = "*"

[package.dependencies]
pycparser = "*"

[[package]]
name = "click"
version = "7.1.2"
description = "Composable command line interface toolkit"
category = "dev"
optional = false
python-versions = ">=2.7, !=3.0.*, !=3.1.*, !=3.2.*, !=3.3.*, !=3.4.*"

[[package]]
name = "colorama"
version = "0.4.4"
description = "Cross-platform colored terminal text."
category = "dev"
optional = false
python-versions = ">=2.7, !=3.0.*, !=3.1.*, !=3.2.*, !=3.3.*, !=3.4.*"

[[package]]
name = "gevent"
version = "21.1.2"
description = "Coroutine-based network library"
category = "main"
optional = false
python-versions = ">=2.7,!=3.0.*,!=3.1.*,!=3.2.*,!=3.3.*,!=3.4.*"

[package.dependencies]
cffi = {version = ">=1.12.2", markers = "platform_python_implementation == \"CPython\" and sys_platform == \"win32\""}
greenlet = {version = ">=0.4.17,<2.0", markers = "platform_python_implementation == \"CPython\""}
"zope.event" = "*"
"zope.interface" = "*"

[package.extras]
dnspython = ["dnspython (>=1.16.0,<2.0)", "idna"]
docs = ["repoze.sphinx.autointerface", "sphinxcontrib-programoutput", "zope.schema"]
monitor = ["psutil (>=5.7.0)"]
recommended = ["dnspython (>=1.16.0,<2.0)", "idna", "cffi (>=1.12.2)", "selectors2", "backports.socketpair", "psutil (>=5.7.0)"]
test = ["dnspython (>=1.16.0,<2.0)", "idna", "requests", "objgraph", "cffi (>=1.12.2)", "selectors2", "futures", "mock", "backports.socketpair", "contextvars (==2.4)", "coverage (>=5.0)", "coveralls (>=1.7.0)", "psutil (>=5.7.0)"]

[[package]]
name = "greenlet"
version = "1.0.0"
description = "Lightweight in-process concurrent programming"
category = "main"
optional = false
python-versions = ">=2.7,!=3.0.*,!=3.1.*,!=3.2.*,!=3.3.*,!=3.4.*"

[package.extras]
docs = ["sphinx"]

[[package]]
name = "iniconfig"
version = "1.1.1"
description = "iniconfig: brain-dead simple config-ini parsing"
category = "dev"
optional = false
python-versions = "*"

[[package]]
name = "mypy-extensions"
version = "0.4.3"
description = "Experimental type system extensions for programs checked with the mypy typechecker."
category = "dev"
optional = false
python-versions = "*"

[[package]]
name = "packaging"
version = "20.9"
description = "Core utilities for Python packages"
category = "dev"
optional = false
python-versions = ">=2.7, !=3.0.*, !=3.1.*, !=3.2.*, !=3.3.*"

[package.dependencies]
pyparsing = ">=2.0.2"

[[package]]
name = "pathspec"
version = "0.8.1"
description = "Utility library for gitignore style pattern matching of file paths."
category = "dev"
optional = false
python-versions = ">=2.7, !=3.0.*, !=3.1.*, !=3.2.*, !=3.3.*, !=3.4.*"

[[package]]
name = "pluggy"
version = "0.13.1"
description = "plugin and hook calling mechanisms for python"
category = "dev"
optional = false
python-versions = ">=2.7, !=3.0.*, !=3.1.*, !=3.2.*, !=3.3.*"

[package.extras]
dev = ["pre-commit", "tox"]

[[package]]
name = "py"
version = "1.10.0"
description = "library with cross-python path, ini-parsing, io, code, log facilities"
category = "dev"
optional = false
python-versions = ">=2.7, !=3.0.*, !=3.1.*, !=3.2.*, !=3.3.*"

[[package]]
name = "pycparser"
version = "2.20"
description = "C parser in Python"
category = "main"
optional = false
python-versions = ">=2.7, !=3.0.*, !=3.1.*, !=3.2.*, !=3.3.*"

[[package]]
name = "pyparsing"
version = "2.4.7"
description = "Python parsing module"
category = "dev"
optional = false
python-versions = ">=2.6, !=3.0.*, !=3.1.*, !=3.2.*"

[[package]]
name = "pytest"
version = "6.2.4"
description = "pytest: simple powerful testing with Python"
category = "dev"
optional = false
python-versions = ">=3.6"

[package.dependencies]
atomicwrites = {version = ">=1.0", markers = "sys_platform == \"win32\""}
attrs = ">=19.2.0"
colorama = {version = "*", markers = "sys_platform == \"win32\""}
iniconfig = "*"
packaging = "*"
pluggy = ">=0.12,<1.0.0a1"
py = ">=1.8.2"
toml = "*"

[package.extras]
testing = ["argcomplete", "hypothesis (>=3.56)", "mock", "nose", "requests", "xmlschema"]

[[package]]
name = "regex"
version = "2021.4.4"
description = "Alternative regular expression module, to replace re."
category = "dev"
optional = false
python-versions = "*"

[[package]]
name = "toml"
version = "0.10.2"
description = "Python Library for Tom's Obvious, Minimal Language"
category = "dev"
optional = false
python-versions = ">=2.6, !=3.0.*, !=3.1.*, !=3.2.*"

[[package]]
name = "zope.event"
version = "4.5.0"
description = "Very basic event publishing system"
category = "main"
optional = false
python-versions = "*"

[package.extras]
docs = ["sphinx"]
test = ["zope.testrunner"]

[[package]]
name = "zope.interface"
version = "5.4.0"
description = "Interfaces for Python"
category = "main"
optional = false
python-versions = ">=2.7, !=3.0.*, !=3.1.*, !=3.2.*, !=3.3.*, !=3.4.*"

[package.extras]
docs = ["sphinx", "repoze.sphinx.autointerface"]
test = ["coverage (>=5.0.3)", "zope.event", "zope.testing"]
testing = ["coverage (>=5.0.3)", "zope.event", "zope.testing"]

[metadata]
lock-version = "1.1"
python-versions = "^3.9"
content-hash = "b0862aac983fd25a401c111116c532f6aec2473b5e95d13edb27fb42ec16ae2a"

[metadata.files]
appdirs = [
    {file = "appdirs-1.4.4-py2.py3-none-any.whl", hash = "sha256:a841dacd6b99318a741b166adb07e19ee71a274450e68237b4650ca1055ab128"},
    {file = "appdirs-1.4.4.tar.gz", hash = "sha256:7d5d0167b2b1ba821647616af46a749d1c653740dd0d2415100fe26e27afdf41"},
]
atomicwrites = [
    {file = "atomicwrites-1.4.0-py2.py3-none-any.whl", hash = "sha256:6d1784dea7c0c8d4a5172b6c620f40b6e4cbfdf96d783691f2e1302a7b88e197"},
    {file = "atomicwrites-1.4.0.tar.gz", hash = "sha256:ae70396ad1a434f9c7046fd2dd196fc04b12f9e91ffb859164193be8b6168a7a"},
]
attrs = [
    {file = "attrs-20.3.0-py2.py3-none-any.whl", hash = "sha256:31b2eced602aa8423c2aea9c76a724617ed67cf9513173fd3a4f03e3a929c7e6"},
    {file = "attrs-20.3.0.tar.gz", hash = "sha256:832aa3cde19744e49938b91fea06d69ecb9e649c93ba974535d08ad92164f700"},
]
black = [
    {file = "black-21.5b0-py3-none-any.whl", hash = "sha256:0e80435b8a88f383c9149ae89d671eb2095b72344b0fe8a1d61d2ff5110ed173"},
    {file = "black-21.5b0.tar.gz", hash = "sha256:9dc2042018ca10735366d944c2c12d9cad6dec74a3d5f679d09384ea185d9943"},
]
cffi = [
    {file = "cffi-1.14.5-cp27-cp27m-macosx_10_9_x86_64.whl", hash = "sha256:bb89f306e5da99f4d922728ddcd6f7fcebb3241fc40edebcb7284d7514741991"},
    {file = "cffi-1.14.5-cp27-cp27m-manylinux1_i686.whl", hash = "sha256:34eff4b97f3d982fb93e2831e6750127d1355a923ebaeeb565407b3d2f8d41a1"},
    {file = "cffi-1.14.5-cp27-cp27m-manylinux1_x86_64.whl", hash = "sha256:99cd03ae7988a93dd00bcd9d0b75e1f6c426063d6f03d2f90b89e29b25b82dfa"},
    {file = "cffi-1.14.5-cp27-cp27m-win32.whl", hash = "sha256:65fa59693c62cf06e45ddbb822165394a288edce9e276647f0046e1ec26920f3"},
    {file = "cffi-1.14.5-cp27-cp27m-win_amd64.whl", hash = "sha256:51182f8927c5af975fece87b1b369f722c570fe169f9880764b1ee3bca8347b5"},
    {file = "cffi-1.14.5-cp27-cp27mu-manylinux1_i686.whl", hash = "sha256:43e0b9d9e2c9e5d152946b9c5fe062c151614b262fda2e7b201204de0b99e482"},
    {file = "cffi-1.14.5-cp27-cp27mu-manylinux1_x86_64.whl", hash = "sha256:cbde590d4faaa07c72bf979734738f328d239913ba3e043b1e98fe9a39f8b2b6"},
    {file = "cffi-1.14.5-cp35-cp35m-macosx_10_9_x86_64.whl", hash = "sha256:5de7970188bb46b7bf9858eb6890aad302577a5f6f75091fd7cdd3ef13ef3045"},
    {file = "cffi-1.14.5-cp35-cp35m-manylinux1_i686.whl", hash = "sha256:a465da611f6fa124963b91bf432d960a555563efe4ed1cc403ba5077b15370aa"},
    {file = "cffi-1.14.5-cp35-cp35m-manylinux1_x86_64.whl", hash = "sha256:d42b11d692e11b6634f7613ad8df5d6d5f8875f5d48939520d351007b3c13406"},
    {file = "cffi-1.14.5-cp35-cp35m-win32.whl", hash = "sha256:72d8d3ef52c208ee1c7b2e341f7d71c6fd3157138abf1a95166e6165dd5d4369"},
    {file = "cffi-1.14.5-cp35-cp35m-win_amd64.whl", hash = "sha256:29314480e958fd8aab22e4a58b355b629c59bf5f2ac2492b61e3dc06d8c7a315"},
    {file = "cffi-1.14.5-cp36-cp36m-macosx_10_9_x86_64.whl", hash = "sha256:3d3dd4c9e559eb172ecf00a2a7517e97d1e96de2a5e610bd9b68cea3925b4892"},
    {file = "cffi-1.14.5-cp36-cp36m-manylinux1_i686.whl", hash = "sha256:48e1c69bbacfc3d932221851b39d49e81567a4d4aac3b21258d9c24578280058"},
    {file = "cffi-1.14.5-cp36-cp36m-manylinux1_x86_64.whl", hash = "sha256:69e395c24fc60aad6bb4fa7e583698ea6cc684648e1ffb7fe85e3c1ca131a7d5"},
    {file = "cffi-1.14.5-cp36-cp36m-manylinux2014_aarch64.whl", hash = "sha256:9e93e79c2551ff263400e1e4be085a1210e12073a31c2011dbbda14bda0c6132"},
    {file = "cffi-1.14.5-cp36-cp36m-win32.whl", hash = "sha256:58e3f59d583d413809d60779492342801d6e82fefb89c86a38e040c16883be53"},
    {file = "cffi-1.14.5-cp36-cp36m-win_amd64.whl", hash = "sha256:005a36f41773e148deac64b08f233873a4d0c18b053d37da83f6af4d9087b813"},
    {file = "cffi-1.14.5-cp37-cp37m-macosx_10_9_x86_64.whl", hash = "sha256:2894f2df484ff56d717bead0a5c2abb6b9d2bf26d6960c4604d5c48bbc30ee73"},
    {file = "cffi-1.14.5-cp37-cp37m-manylinux1_i686.whl", hash = "sha256:0857f0ae312d855239a55c81ef453ee8fd24136eaba8e87a2eceba644c0d4c06"},
    {file = "cffi-1.14.5-cp37-cp37m-manylinux1_x86_64.whl", hash = "sha256:cd2868886d547469123fadc46eac7ea5253ea7fcb139f12e1dfc2bbd406427d1"},
    {file = "cffi-1.14.5-cp37-cp37m-manylinux2014_aarch64.whl", hash = "sha256:35f27e6eb43380fa080dccf676dece30bef72e4a67617ffda586641cd4508d49"},
    {file = "cffi-1.14.5-cp37-cp37m-win32.whl", hash = "sha256:9ff227395193126d82e60319a673a037d5de84633f11279e336f9c0f189ecc62"},
    {file = "cffi-1.14.5-cp37-cp37m-win_amd64.whl", hash = "sha256:9cf8022fb8d07a97c178b02327b284521c7708d7c71a9c9c355c178ac4bbd3d4"},
    {file = "cffi-1.14.5-cp38-cp38-macosx_10_9_x86_64.whl", hash = "sha256:8b198cec6c72df5289c05b05b8b0969819783f9418e0409865dac47288d2a053"},
    {file = "cffi-1.14.5-cp38-cp38-manylinux1_i686.whl", hash = "sha256:ad17025d226ee5beec591b52800c11680fca3df50b8b29fe51d882576e039ee0"},
    {file = "cffi-1.14.5-cp38-cp38-manylinux1_x86_64.whl", hash = "sha256:6c97d7350133666fbb5cf4abdc1178c812cb205dc6f41d174a7b0f18fb93337e"},
    {file = "cffi-1.14.5-cp38-cp38-manylinux2014_aarch64.whl", hash = "sha256:8ae6299f6c68de06f136f1f9e69458eae58f1dacf10af5c17353eae03aa0d827"},
    {file = "cffi-1.14.5-cp38-cp38-win32.whl", hash = "sha256:b85eb46a81787c50650f2392b9b4ef23e1f126313b9e0e9013b35c15e4288e2e"},
    {file = "cffi-1.14.5-cp38-cp38-win_amd64.whl", hash = "sha256:1f436816fc868b098b0d63b8920de7d208c90a67212546d02f84fe78a9c26396"},
    {file = "cffi-1.14.5-cp39-cp39-macosx_10_9_x86_64.whl", hash = "sha256:1071534bbbf8cbb31b498d5d9db0f274f2f7a865adca4ae429e147ba40f73dea"},
    {file = "cffi-1.14.5-cp39-cp39-manylinux1_i686.whl", hash = "sha256:9de2e279153a443c656f2defd67769e6d1e4163952b3c622dcea5b08a6405322"},
    {file = "cffi-1.14.5-cp39-cp39-manylinux1_x86_64.whl", hash = "sha256:6e4714cc64f474e4d6e37cfff31a814b509a35cb17de4fb1999907575684479c"},
    {file = "cffi-1.14.5-cp39-cp39-manylinux2014_aarch64.whl", hash = "sha256:158d0d15119b4b7ff6b926536763dc0714313aa59e320ddf787502c70c4d4bee"},
    {file = "cffi-1.14.5-cp39-cp39-win32.whl", hash = "sha256:afb29c1ba2e5a3736f1c301d9d0abe3ec8b86957d04ddfa9d7a6a42b9367e396"},
    {file = "cffi-1.14.5-cp39-cp39-win_amd64.whl", hash = "sha256:f2d45f97ab6bb54753eab54fffe75aaf3de4ff2341c9daee1987ee1837636f1d"},
    {file = "cffi-1.14.5.tar.gz", hash = "sha256:fd78e5fee591709f32ef6edb9a015b4aa1a5022598e36227500c8f4e02328d9c"},
]
click = [
    {file = "click-7.1.2-py2.py3-none-any.whl", hash = "sha256:dacca89f4bfadd5de3d7489b7c8a566eee0d3676333fbb50030263894c38c0dc"},
    {file = "click-7.1.2.tar.gz", hash = "sha256:d2b5255c7c6349bc1bd1e59e08cd12acbbd63ce649f2588755783aa94dfb6b1a"},
]
colorama = [
    {file = "colorama-0.4.4-py2.py3-none-any.whl", hash = "sha256:9f47eda37229f68eee03b24b9748937c7dc3868f906e8ba69fbcbdd3bc5dc3e2"},
    {file = "colorama-0.4.4.tar.gz", hash = "sha256:5941b2b48a20143d2267e95b1c2a7603ce057ee39fd88e7329b0c292aa16869b"},
]
gevent = [
    {file = "gevent-21.1.2-cp27-cp27m-macosx_10_14_x86_64.whl", hash = "sha256:2a9ae0a0fd956cbbc9c326b8f290dcad2b58acfb2e2732855fe1155fb110a04d"},
    {file = "gevent-21.1.2-cp27-cp27m-manylinux2010_x86_64.whl", hash = "sha256:3694f393ab08372bd337b9bc8eebef3ccab3c1623ef94536762a1eee68821449"},
    {file = "gevent-21.1.2-cp27-cp27m-win32.whl", hash = "sha256:7bdfee07be5eee4f687bf90c54c2a65c909bcf2b6c4878faee51218ffa5d5d3e"},
    {file = "gevent-21.1.2-cp27-cp27m-win_amd64.whl", hash = "sha256:afaeda9a7e8e93d0d86bf1d65affe912366294913fe43f0d107145dc32cd9545"},
    {file = "gevent-21.1.2-cp27-cp27mu-manylinux2010_x86_64.whl", hash = "sha256:188c3c6da67e17ffa28f960fc80f8b7e4ba0f4efdc7519822c9d3a1784ca78ea"},
    {file = "gevent-21.1.2-cp35-cp35m-win32.whl", hash = "sha256:e8a5d9fcf5d031f2e4c499f5f4b53262face416e22e8769078354f641255a663"},
    {file = "gevent-21.1.2-cp35-cp35m-win_amd64.whl", hash = "sha256:ecff28416c99e0f73137f35849c3027cc3edde9dc13b7707825ebbf728623928"},
    {file = "gevent-21.1.2-cp36-cp36m-manylinux2010_x86_64.whl", hash = "sha256:b6ffc1131e017aafa70d7ec19cc24010b19daa2f11d5dc2dc191a79c3c9ea147"},
    {file = "gevent-21.1.2-cp36-cp36m-manylinux2014_aarch64.whl", hash = "sha256:ba0c6ad94614e9af4240affbe1b4839c54da5a0a7e60806c6f7f69c1a7f5426e"},
    {file = "gevent-21.1.2-cp36-cp36m-win32.whl", hash = "sha256:f0498df97a303da77e180a9368c9228b0fc94d10dd2ce79fc5ebb63fec0d2fc9"},
    {file = "gevent-21.1.2-cp36-cp36m-win_amd64.whl", hash = "sha256:f91fd07b9cf642f24e58ed381e19ec33e28b8eee8726c19b026ea24fcc9ff897"},
    {file = "gevent-21.1.2-cp37-cp37m-macosx_10_14_x86_64.whl", hash = "sha256:9f99c3ec61daed54dc074fbcf1a86bcf795b9dfac2f6d4cdae6dfdb8a9125692"},
    {file = "gevent-21.1.2-cp37-cp37m-manylinux2010_x86_64.whl", hash = "sha256:ac98570649d9c276e39501a1d1cbf6c652b78f57a0eb1445c5ff25ff80336b63"},
    {file = "gevent-21.1.2-cp37-cp37m-manylinux2014_aarch64.whl", hash = "sha256:cfb2878c2ecf27baea436bb9c4d8ab8c2fa7763c3916386d5602992b6a056ff3"},
    {file = "gevent-21.1.2-cp37-cp37m-win32.whl", hash = "sha256:464ec84001ba5108a9022aded4c5e69ea4d13ef11a2386d3ec37c1d08f3074c9"},
    {file = "gevent-21.1.2-cp37-cp37m-win_amd64.whl", hash = "sha256:1e5af63e452cc1758924528a2ba6d3e472f5338e1534b7233cd01d3429fc1082"},
    {file = "gevent-21.1.2-cp38-cp38-macosx_10_14_x86_64.whl", hash = "sha256:a130a1885603eabd8cea11b3e1c3c7333d4341b537eca7f0c4794cb5c7120db1"},
    {file = "gevent-21.1.2-cp38-cp38-manylinux2010_x86_64.whl", hash = "sha256:96f704561a9dd9a817c67f2e279e23bfad6166cf95d63d35c501317e17f68bcf"},
    {file = "gevent-21.1.2-cp38-cp38-manylinux2014_aarch64.whl", hash = "sha256:77b65a68c83e1c680f52dc39d5e5406763dd10a18ce08420665504b6f047962e"},
    {file = "gevent-21.1.2-cp38-cp38-win32.whl", hash = "sha256:16574e4aa902ebc7bad564e25aa9740a82620fdeb61e0bbf5cbc32e84c13cb6a"},
    {file = "gevent-21.1.2-cp38-cp38-win_amd64.whl", hash = "sha256:c2c4326bb507754ef354635c05f560a217c171d80f26ca65bea81aa59b1ac179"},
    {file = "gevent-21.1.2-cp39-cp39-macosx_10_14_x86_64.whl", hash = "sha256:969743debf89d6409423aaeae978437cc042247f91f5801e946a07a0a3b59148"},
    {file = "gevent-21.1.2-cp39-cp39-manylinux2010_x86_64.whl", hash = "sha256:bdb3677e77ab4ebf20c4752ac49f3b1e47445678dd69f82f9905362c68196456"},
    {file = "gevent-21.1.2-cp39-cp39-manylinux2014_aarch64.whl", hash = "sha256:33741e3cd51b90483b14f73b6a3b32b779acf965aeb91d22770c0c8e0c937b73"},
    {file = "gevent-21.1.2-cp39-cp39-win32.whl", hash = "sha256:e370e0a861db6f63c75e74b6ee56a40f5cdac90212ec404621445afa12bfc94b"},
    {file = "gevent-21.1.2-cp39-cp39-win_amd64.whl", hash = "sha256:242e32cc011ad7127525ca9181aef3379ce4ad9c733aefe311ecf90248ad9a6f"},
    {file = "gevent-21.1.2-pp27-pypy_73-win32.whl", hash = "sha256:a54b9c7516c211045d7897a73a4ccdc116b3720c9ad3c591ef9592b735202a3b"},
    {file = "gevent-21.1.2.tar.gz", hash = "sha256:520cc2a029a9eef436e4e56b007af7859315cafa21937d43c1d5269f12f2c981"},
]
greenlet = [
    {file = "greenlet-1.0.0-cp27-cp27m-macosx_10_14_x86_64.whl", hash = "sha256:1d1d4473ecb1c1d31ce8fd8d91e4da1b1f64d425c1dc965edc4ed2a63cfa67b2"},
    {file = "greenlet-1.0.0-cp27-cp27m-manylinux1_x86_64.whl", hash = "sha256:cfd06e0f0cc8db2a854137bd79154b61ecd940dce96fad0cba23fe31de0b793c"},
    {file = "greenlet-1.0.0-cp27-cp27m-manylinux2010_x86_64.whl", hash = "sha256:eb333b90036358a0e2c57373f72e7648d7207b76ef0bd00a4f7daad1f79f5203"},
    {file = "greenlet-1.0.0-cp27-cp27m-win32.whl", hash = "sha256:1a1ada42a1fd2607d232ae11a7b3195735edaa49ea787a6d9e6a53afaf6f3476"},
    {file = "greenlet-1.0.0-cp27-cp27m-win_amd64.whl", hash = "sha256:f6f65bf54215e4ebf6b01e4bb94c49180a589573df643735107056f7a910275b"},
    {file = "greenlet-1.0.0-cp27-cp27mu-manylinux1_x86_64.whl", hash = "sha256:f59eded163d9752fd49978e0bab7a1ff21b1b8d25c05f0995d140cc08ac83379"},
    {file = "greenlet-1.0.0-cp27-cp27mu-manylinux2010_x86_64.whl", hash = "sha256:875d4c60a6299f55df1c3bb870ebe6dcb7db28c165ab9ea6cdc5d5af36bb33ce"},
    {file = "greenlet-1.0.0-cp35-cp35m-macosx_10_14_x86_64.whl", hash = "sha256:1bb80c71de788b36cefb0c3bb6bfab306ba75073dbde2829c858dc3ad70f867c"},
    {file = "greenlet-1.0.0-cp35-cp35m-manylinux1_x86_64.whl", hash = "sha256:b5f1b333015d53d4b381745f5de842f19fe59728b65f0fbb662dafbe2018c3a5"},
    {file = "greenlet-1.0.0-cp35-cp35m-manylinux2010_x86_64.whl", hash = "sha256:5352c15c1d91d22902582e891f27728d8dac3bd5e0ee565b6a9f575355e6d92f"},
    {file = "greenlet-1.0.0-cp35-cp35m-manylinux2014_aarch64.whl", hash = "sha256:2c65320774a8cd5fdb6e117c13afa91c4707548282464a18cf80243cf976b3e6"},
    {file = "greenlet-1.0.0-cp35-cp35m-manylinux2014_ppc64le.whl", hash = "sha256:111cfd92d78f2af0bc7317452bd93a477128af6327332ebf3c2be7df99566683"},
    {file = "greenlet-1.0.0-cp35-cp35m-win32.whl", hash = "sha256:cdb90267650c1edb54459cdb51dab865f6c6594c3a47ebd441bc493360c7af70"},
    {file = "greenlet-1.0.0-cp35-cp35m-win_amd64.whl", hash = "sha256:eac8803c9ad1817ce3d8d15d1bb82c2da3feda6bee1153eec5c58fa6e5d3f770"},
    {file = "greenlet-1.0.0-cp36-cp36m-macosx_10_14_x86_64.whl", hash = "sha256:c93d1a71c3fe222308939b2e516c07f35a849c5047f0197442a4d6fbcb4128ee"},
    {file = "greenlet-1.0.0-cp36-cp36m-manylinux1_x86_64.whl", hash = "sha256:122c63ba795fdba4fc19c744df6277d9cfd913ed53d1a286f12189a0265316dd"},
    {file = "greenlet-1.0.0-cp36-cp36m-manylinux2010_x86_64.whl", hash = "sha256:c5b22b31c947ad8b6964d4ed66776bcae986f73669ba50620162ba7c832a6b6a"},
    {file = "greenlet-1.0.0-cp36-cp36m-manylinux2014_aarch64.whl", hash = "sha256:4365eccd68e72564c776418c53ce3c5af402bc526fe0653722bc89efd85bf12d"},
    {file = "greenlet-1.0.0-cp36-cp36m-manylinux2014_ppc64le.whl", hash = "sha256:da7d09ad0f24270b20f77d56934e196e982af0d0a2446120cb772be4e060e1a2"},
    {file = "greenlet-1.0.0-cp36-cp36m-win32.whl", hash = "sha256:647ba1df86d025f5a34043451d7c4a9f05f240bee06277a524daad11f997d1e7"},
    {file = "greenlet-1.0.0-cp36-cp36m-win_amd64.whl", hash = "sha256:e6e9fdaf6c90d02b95e6b0709aeb1aba5affbbb9ccaea5502f8638e4323206be"},
    {file = "greenlet-1.0.0-cp37-cp37m-macosx_10_14_x86_64.whl", hash = "sha256:62afad6e5fd70f34d773ffcbb7c22657e1d46d7fd7c95a43361de979f0a45aef"},
    {file = "greenlet-1.0.0-cp37-cp37m-manylinux1_x86_64.whl", hash = "sha256:d3789c1c394944084b5e57c192889985a9f23bd985f6d15728c745d380318128"},
    {file = "greenlet-1.0.0-cp37-cp37m-manylinux2010_x86_64.whl", hash = "sha256:f5e2d36c86c7b03c94b8459c3bd2c9fe2c7dab4b258b8885617d44a22e453fb7"},
    {file = "greenlet-1.0.0-cp37-cp37m-manylinux2014_aarch64.whl", hash = "sha256:292e801fcb3a0b3a12d8c603c7cf340659ea27fd73c98683e75800d9fd8f704c"},
    {file = "greenlet-1.0.0-cp37-cp37m-manylinux2014_ppc64le.whl", hash = "sha256:f3dc68272990849132d6698f7dc6df2ab62a88b0d36e54702a8fd16c0490e44f"},
    {file = "greenlet-1.0.0-cp37-cp37m-win32.whl", hash = "sha256:7cd5a237f241f2764324396e06298b5dee0df580cf06ef4ada0ff9bff851286c"},
    {file = "greenlet-1.0.0-cp37-cp37m-win_amd64.whl", hash = "sha256:0ddd77586553e3daf439aa88b6642c5f252f7ef79a39271c25b1d4bf1b7cbb85"},
    {file = "greenlet-1.0.0-cp38-cp38-macosx_10_14_x86_64.whl", hash = "sha256:90b6a25841488cf2cb1c8623a53e6879573010a669455046df5f029d93db51b7"},
    {file = "greenlet-1.0.0-cp38-cp38-manylinux1_x86_64.whl", hash = "sha256:ed1d1351f05e795a527abc04a0d82e9aecd3bdf9f46662c36ff47b0b00ecaf06"},
    {file = "greenlet-1.0.0-cp38-cp38-manylinux2010_x86_64.whl", hash = "sha256:94620ed996a7632723a424bccb84b07e7b861ab7bb06a5aeb041c111dd723d36"},
    {file = "greenlet-1.0.0-cp38-cp38-manylinux2014_aarch64.whl", hash = "sha256:f97d83049715fd9dec7911860ecf0e17b48d8725de01e45de07d8ac0bd5bc378"},
    {file = "greenlet-1.0.0-cp38-cp38-manylinux2014_ppc64le.whl", hash = "sha256:0a77691f0080c9da8dfc81e23f4e3cffa5accf0f5b56478951016d7cfead9196"},
    {file = "greenlet-1.0.0-cp38-cp38-win32.whl", hash = "sha256:e1128e022d8dce375362e063754e129750323b67454cac5600008aad9f54139e"},
    {file = "greenlet-1.0.0-cp38-cp38-win_amd64.whl", hash = "sha256:5d4030b04061fdf4cbc446008e238e44936d77a04b2b32f804688ad64197953c"},
    {file = "greenlet-1.0.0-cp39-cp39-macosx_10_14_x86_64.whl", hash = "sha256:f8450d5ef759dbe59f84f2c9f77491bb3d3c44bc1a573746daf086e70b14c243"},
    {file = "greenlet-1.0.0-cp39-cp39-manylinux1_x86_64.whl", hash = "sha256:df8053867c831b2643b2c489fe1d62049a98566b1646b194cc815f13e27b90df"},
    {file = "greenlet-1.0.0-cp39-cp39-manylinux2010_x86_64.whl", hash = "sha256:df3e83323268594fa9755480a442cabfe8d82b21aba815a71acf1bb6c1776218"},
    {file = "greenlet-1.0.0-cp39-cp39-manylinux2014_aarch64.whl", hash = "sha256:181300f826625b7fd1182205b830642926f52bd8cdb08b34574c9d5b2b1813f7"},
    {file = "greenlet-1.0.0-cp39-cp39-manylinux2014_ppc64le.whl", hash = "sha256:58ca0f078d1c135ecf1879d50711f925ee238fe773dfe44e206d7d126f5bc664"},
    {file = "greenlet-1.0.0-cp39-cp39-win32.whl", hash = "sha256:5f297cb343114b33a13755032ecf7109b07b9a0020e841d1c3cedff6602cc139"},
    {file = "greenlet-1.0.0-cp39-cp39-win_amd64.whl", hash = "sha256:5d69bbd9547d3bc49f8a545db7a0bd69f407badd2ff0f6e1a163680b5841d2b0"},
    {file = "greenlet-1.0.0.tar.gz", hash = "sha256:719e169c79255816cdcf6dccd9ed2d089a72a9f6c42273aae12d55e8d35bdcf8"},
]
iniconfig = [
    {file = "iniconfig-1.1.1-py2.py3-none-any.whl", hash = "sha256:011e24c64b7f47f6ebd835bb12a743f2fbe9a26d4cecaa7f53bc4f35ee9da8b3"},
    {file = "iniconfig-1.1.1.tar.gz", hash = "sha256:bc3af051d7d14b2ee5ef9969666def0cd1a000e121eaea580d4a313df4b37f32"},
]
mypy-extensions = [
    {file = "mypy_extensions-0.4.3-py2.py3-none-any.whl", hash = "sha256:090fedd75945a69ae91ce1303b5824f428daf5a028d2f6ab8a299250a846f15d"},
    {file = "mypy_extensions-0.4.3.tar.gz", hash = "sha256:2d82818f5bb3e369420cb3c4060a7970edba416647068eb4c5343488a6c604a8"},
]
packaging = [
    {file = "packaging-20.9-py2.py3-none-any.whl", hash = "sha256:67714da7f7bc052e064859c05c595155bd1ee9f69f76557e21f051443c20947a"},
    {file = "packaging-20.9.tar.gz", hash = "sha256:5b327ac1320dc863dca72f4514ecc086f31186744b84a230374cc1fd776feae5"},
]
pathspec = [
    {file = "pathspec-0.8.1-py2.py3-none-any.whl", hash = "sha256:aa0cb481c4041bf52ffa7b0d8fa6cd3e88a2ca4879c533c9153882ee2556790d"},
    {file = "pathspec-0.8.1.tar.gz", hash = "sha256:86379d6b86d75816baba717e64b1a3a3469deb93bb76d613c9ce79edc5cb68fd"},
]
pluggy = [
    {file = "pluggy-0.13.1-py2.py3-none-any.whl", hash = "sha256:966c145cd83c96502c3c3868f50408687b38434af77734af1e9ca461a4081d2d"},
    {file = "pluggy-0.13.1.tar.gz", hash = "sha256:15b2acde666561e1298d71b523007ed7364de07029219b604cf808bfa1c765b0"},
]
py = [
    {file = "py-1.10.0-py2.py3-none-any.whl", hash = "sha256:3b80836aa6d1feeaa108e046da6423ab8f6ceda6468545ae8d02d9d58d18818a"},
    {file = "py-1.10.0.tar.gz", hash = "sha256:21b81bda15b66ef5e1a777a21c4dcd9c20ad3efd0b3f817e7a809035269e1bd3"},
]
pycparser = [
    {file = "pycparser-2.20-py2.py3-none-any.whl", hash = "sha256:7582ad22678f0fcd81102833f60ef8d0e57288b6b5fb00323d101be910e35705"},
    {file = "pycparser-2.20.tar.gz", hash = "sha256:2d475327684562c3a96cc71adf7dc8c4f0565175cf86b6d7a404ff4c771f15f0"},
]
pyparsing = [
    {file = "pyparsing-2.4.7-py2.py3-none-any.whl", hash = "sha256:ef9d7589ef3c200abe66653d3f1ab1033c3c419ae9b9bdb1240a85b024efc88b"},
    {file = "pyparsing-2.4.7.tar.gz", hash = "sha256:c203ec8783bf771a155b207279b9bccb8dea02d8f0c9e5f8ead507bc3246ecc1"},
]
pytest = [
    {file = "pytest-6.2.4-py3-none-any.whl", hash = "sha256:91ef2131a9bd6be8f76f1f08eac5c5317221d6ad1e143ae03894b862e8976890"},
    {file = "pytest-6.2.4.tar.gz", hash = "sha256:50bcad0a0b9c5a72c8e4e7c9855a3ad496ca6a881a3641b4260605450772c54b"},
]
regex = [
    {file = "regex-2021.4.4-cp36-cp36m-macosx_10_9_x86_64.whl", hash = "sha256:619d71c59a78b84d7f18891fe914446d07edd48dc8328c8e149cbe0929b4e000"},
    {file = "regex-2021.4.4-cp36-cp36m-manylinux1_i686.whl", hash = "sha256:47bf5bf60cf04d72bf6055ae5927a0bd9016096bf3d742fa50d9bf9f45aa0711"},
    {file = "regex-2021.4.4-cp36-cp36m-manylinux1_x86_64.whl", hash = "sha256:281d2fd05555079448537fe108d79eb031b403dac622621c78944c235f3fcf11"},
    {file = "regex-2021.4.4-cp36-cp36m-manylinux2010_i686.whl", hash = "sha256:bd28bc2e3a772acbb07787c6308e00d9626ff89e3bfcdebe87fa5afbfdedf968"},
    {file = "regex-2021.4.4-cp36-cp36m-manylinux2010_x86_64.whl", hash = "sha256:7c2a1af393fcc09e898beba5dd59196edaa3116191cc7257f9224beaed3e1aa0"},
    {file = "regex-2021.4.4-cp36-cp36m-manylinux2014_aarch64.whl", hash = "sha256:c38c71df845e2aabb7fb0b920d11a1b5ac8526005e533a8920aea97efb8ec6a4"},
    {file = "regex-2021.4.4-cp36-cp36m-manylinux2014_i686.whl", hash = "sha256:96fcd1888ab4d03adfc9303a7b3c0bd78c5412b2bfbe76db5b56d9eae004907a"},
    {file = "regex-2021.4.4-cp36-cp36m-manylinux2014_x86_64.whl", hash = "sha256:ade17eb5d643b7fead300a1641e9f45401c98eee23763e9ed66a43f92f20b4a7"},
    {file = "regex-2021.4.4-cp36-cp36m-win32.whl", hash = "sha256:e8e5b509d5c2ff12f8418006d5a90e9436766133b564db0abaec92fd27fcee29"},
    {file = "regex-2021.4.4-cp36-cp36m-win_amd64.whl", hash = "sha256:11d773d75fa650cd36f68d7ca936e3c7afaae41b863b8c387a22aaa78d3c5c79"},
    {file = "regex-2021.4.4-cp37-cp37m-macosx_10_9_x86_64.whl", hash = "sha256:d3029c340cfbb3ac0a71798100ccc13b97dddf373a4ae56b6a72cf70dfd53bc8"},
    {file = "regex-2021.4.4-cp37-cp37m-manylinux1_i686.whl", hash = "sha256:18c071c3eb09c30a264879f0d310d37fe5d3a3111662438889ae2eb6fc570c31"},
    {file = "regex-2021.4.4-cp37-cp37m-manylinux1_x86_64.whl", hash = "sha256:4c557a7b470908b1712fe27fb1ef20772b78079808c87d20a90d051660b1d69a"},
    {file = "regex-2021.4.4-cp37-cp37m-manylinux2010_i686.whl", hash = "sha256:01afaf2ec48e196ba91b37451aa353cb7eda77efe518e481707e0515025f0cd5"},
    {file = "regex-2021.4.4-cp37-cp37m-manylinux2010_x86_64.whl", hash = "sha256:3a9cd17e6e5c7eb328517969e0cb0c3d31fd329298dd0c04af99ebf42e904f82"},
    {file = "regex-2021.4.4-cp37-cp37m-manylinux2014_aarch64.whl", hash = "sha256:90f11ff637fe8798933fb29f5ae1148c978cccb0452005bf4c69e13db951e765"},
    {file = "regex-2021.4.4-cp37-cp37m-manylinux2014_i686.whl", hash = "sha256:919859aa909429fb5aa9cf8807f6045592c85ef56fdd30a9a3747e513db2536e"},
    {file = "regex-2021.4.4-cp37-cp37m-manylinux2014_x86_64.whl", hash = "sha256:339456e7d8c06dd36a22e451d58ef72cef293112b559010db3d054d5560ef439"},
    {file = "regex-2021.4.4-cp37-cp37m-win32.whl", hash = "sha256:67bdb9702427ceddc6ef3dc382455e90f785af4c13d495f9626861763ee13f9d"},
    {file = "regex-2021.4.4-cp37-cp37m-win_amd64.whl", hash = "sha256:32e65442138b7b76dd8173ffa2cf67356b7bc1768851dded39a7a13bf9223da3"},
    {file = "regex-2021.4.4-cp38-cp38-macosx_10_9_x86_64.whl", hash = "sha256:1e1c20e29358165242928c2de1482fb2cf4ea54a6a6dea2bd7a0e0d8ee321500"},
    {file = "regex-2021.4.4-cp38-cp38-manylinux1_i686.whl", hash = "sha256:314d66636c494ed9c148a42731b3834496cc9a2c4251b1661e40936814542b14"},
    {file = "regex-2021.4.4-cp38-cp38-manylinux1_x86_64.whl", hash = "sha256:6d1b01031dedf2503631d0903cb563743f397ccaf6607a5e3b19a3d76fc10480"},
    {file = "regex-2021.4.4-cp38-cp38-manylinux2010_i686.whl", hash = "sha256:741a9647fcf2e45f3a1cf0e24f5e17febf3efe8d4ba1281dcc3aa0459ef424dc"},
    {file = "regex-2021.4.4-cp38-cp38-manylinux2010_x86_64.whl", hash = "sha256:4c46e22a0933dd783467cf32b3516299fb98cfebd895817d685130cc50cd1093"},
    {file = "regex-2021.4.4-cp38-cp38-manylinux2014_aarch64.whl", hash = "sha256:e512d8ef5ad7b898cdb2d8ee1cb09a8339e4f8be706d27eaa180c2f177248a10"},
    {file = "regex-2021.4.4-cp38-cp38-manylinux2014_i686.whl", hash = "sha256:980d7be47c84979d9136328d882f67ec5e50008681d94ecc8afa8a65ed1f4a6f"},
    {file = "regex-2021.4.4-cp38-cp38-manylinux2014_x86_64.whl", hash = "sha256:ce15b6d103daff8e9fee13cf7f0add05245a05d866e73926c358e871221eae87"},
    {file = "regex-2021.4.4-cp38-cp38-win32.whl", hash = "sha256:a91aa8619b23b79bcbeb37abe286f2f408d2f2d6f29a17237afda55bb54e7aac"},
    {file = "regex-2021.4.4-cp38-cp38-win_amd64.whl", hash = "sha256:c0502c0fadef0d23b128605d69b58edb2c681c25d44574fc673b0e52dce71ee2"},
    {file = "regex-2021.4.4-cp39-cp39-macosx_10_9_x86_64.whl", hash = "sha256:598585c9f0af8374c28edd609eb291b5726d7cbce16be6a8b95aa074d252ee17"},
    {file = "regex-2021.4.4-cp39-cp39-manylinux1_i686.whl", hash = "sha256:ee54ff27bf0afaf4c3b3a62bcd016c12c3fdb4ec4f413391a90bd38bc3624605"},
    {file = "regex-2021.4.4-cp39-cp39-manylinux1_x86_64.whl", hash = "sha256:7d9884d86dd4dd489e981d94a65cd30d6f07203d90e98f6f657f05170f6324c9"},
    {file = "regex-2021.4.4-cp39-cp39-manylinux2010_i686.whl", hash = "sha256:bf5824bfac591ddb2c1f0a5f4ab72da28994548c708d2191e3b87dd207eb3ad7"},
    {file = "regex-2021.4.4-cp39-cp39-manylinux2010_x86_64.whl", hash = "sha256:563085e55b0d4fb8f746f6a335893bda5c2cef43b2f0258fe1020ab1dd874df8"},
    {file = "regex-2021.4.4-cp39-cp39-manylinux2014_aarch64.whl", hash = "sha256:b9c3db21af35e3b3c05764461b262d6f05bbca08a71a7849fd79d47ba7bc33ed"},
    {file = "regex-2021.4.4-cp39-cp39-manylinux2014_i686.whl", hash = "sha256:3916d08be28a1149fb97f7728fca1f7c15d309a9f9682d89d79db75d5e52091c"},
    {file = "regex-2021.4.4-cp39-cp39-manylinux2014_x86_64.whl", hash = "sha256:fd45ff9293d9274c5008a2054ecef86a9bfe819a67c7be1afb65e69b405b3042"},
    {file = "regex-2021.4.4-cp39-cp39-win32.whl", hash = "sha256:fa4537fb4a98fe8fde99626e4681cc644bdcf2a795038533f9f711513a862ae6"},
    {file = "regex-2021.4.4-cp39-cp39-win_amd64.whl", hash = "sha256:97f29f57d5b84e73fbaf99ab3e26134e6687348e95ef6b48cfd2c06807005a07"},
    {file = "regex-2021.4.4.tar.gz", hash = "sha256:52ba3d3f9b942c49d7e4bc105bb28551c44065f139a65062ab7912bef10c9afb"},
]
toml = [
    {file = "toml-0.10.2-py2.py3-none-any.whl", hash = "sha256:806143ae5bfb6a3c6e736a764057db0e6a0e05e338b5630894a5f779cabb4f9b"},
    {file = "toml-0.10.2.tar.gz", hash = "sha256:b3bda1d108d5dd99f4a20d24d9c348e91c4db7ab1b749200bded2f839ccbe68f"},
]
"zope.event" = [
    {file = "zope.event-4.5.0-py2.py3-none-any.whl", hash = "sha256:2666401939cdaa5f4e0c08cf7f20c9b21423b95e88f4675b1443973bdb080c42"},
    {file = "zope.event-4.5.0.tar.gz", hash = "sha256:5e76517f5b9b119acf37ca8819781db6c16ea433f7e2062c4afc2b6fbedb1330"},
]
"zope.interface" = [
    {file = "zope.interface-5.4.0-cp27-cp27m-macosx_10_14_x86_64.whl", hash = "sha256:7df1e1c05304f26faa49fa752a8c690126cf98b40b91d54e6e9cc3b7d6ffe8b7"},
    {file = "zope.interface-5.4.0-cp27-cp27m-manylinux1_i686.whl", hash = "sha256:2c98384b254b37ce50eddd55db8d381a5c53b4c10ee66e1e7fe749824f894021"},
    {file = "zope.interface-5.4.0-cp27-cp27m-manylinux1_x86_64.whl", hash = "sha256:08f9636e99a9d5410181ba0729e0408d3d8748026ea938f3b970a0249daa8192"},
    {file = "zope.interface-5.4.0-cp27-cp27m-manylinux2010_i686.whl", hash = "sha256:0ea1d73b7c9dcbc5080bb8aaffb776f1c68e807767069b9ccdd06f27a161914a"},
    {file = "zope.interface-5.4.0-cp27-cp27m-manylinux2010_x86_64.whl", hash = "sha256:273f158fabc5ea33cbc936da0ab3d4ba80ede5351babc4f577d768e057651531"},
    {file = "zope.interface-5.4.0-cp27-cp27m-win32.whl", hash = "sha256:a1e6e96217a0f72e2b8629e271e1b280c6fa3fe6e59fa8f6701bec14e3354325"},
    {file = "zope.interface-5.4.0-cp27-cp27m-win_amd64.whl", hash = "sha256:877473e675fdcc113c138813a5dd440da0769a2d81f4d86614e5d62b69497155"},
    {file = "zope.interface-5.4.0-cp27-cp27mu-manylinux1_i686.whl", hash = "sha256:f7ee479e96f7ee350db1cf24afa5685a5899e2b34992fb99e1f7c1b0b758d263"},
    {file = "zope.interface-5.4.0-cp27-cp27mu-manylinux1_x86_64.whl", hash = "sha256:b0297b1e05fd128d26cc2460c810d42e205d16d76799526dfa8c8ccd50e74959"},
    {file = "zope.interface-5.4.0-cp27-cp27mu-manylinux2010_i686.whl", hash = "sha256:af310ec8335016b5e52cae60cda4a4f2a60a788cbb949a4fbea13d441aa5a09e"},
    {file = "zope.interface-5.4.0-cp27-cp27mu-manylinux2010_x86_64.whl", hash = "sha256:9a9845c4c6bb56e508651f005c4aeb0404e518c6f000d5a1123ab077ab769f5c"},
    {file = "zope.interface-5.4.0-cp35-cp35m-manylinux1_i686.whl", hash = "sha256:0b465ae0962d49c68aa9733ba92a001b2a0933c317780435f00be7ecb959c702"},
    {file = "zope.interface-5.4.0-cp35-cp35m-manylinux1_x86_64.whl", hash = "sha256:5dd9ca406499444f4c8299f803d4a14edf7890ecc595c8b1c7115c2342cadc5f"},
    {file = "zope.interface-5.4.0-cp35-cp35m-manylinux2010_i686.whl", hash = "sha256:469e2407e0fe9880ac690a3666f03eb4c3c444411a5a5fddfdabc5d184a79f05"},
    {file = "zope.interface-5.4.0-cp35-cp35m-manylinux2010_x86_64.whl", hash = "sha256:52de7fc6c21b419078008f697fd4103dbc763288b1406b4562554bd47514c004"},
    {file = "zope.interface-5.4.0-cp35-cp35m-manylinux2014_aarch64.whl", hash = "sha256:3dd4952748521205697bc2802e4afac5ed4b02909bb799ba1fe239f77fd4e117"},
    {file = "zope.interface-5.4.0-cp35-cp35m-win32.whl", hash = "sha256:dd93ea5c0c7f3e25335ab7d22a507b1dc43976e1345508f845efc573d3d779d8"},
    {file = "zope.interface-5.4.0-cp35-cp35m-win_amd64.whl", hash = "sha256:3748fac0d0f6a304e674955ab1365d515993b3a0a865e16a11ec9d86fb307f63"},
    {file = "zope.interface-5.4.0-cp36-cp36m-macosx_10_14_x86_64.whl", hash = "sha256:66c0061c91b3b9cf542131148ef7ecbecb2690d48d1612ec386de9d36766058f"},
    {file = "zope.interface-5.4.0-cp36-cp36m-manylinux1_i686.whl", hash = "sha256:d0c1bc2fa9a7285719e5678584f6b92572a5b639d0e471bb8d4b650a1a910920"},
    {file = "zope.interface-5.4.0-cp36-cp36m-manylinux1_x86_64.whl", hash = "sha256:2876246527c91e101184f63ccd1d716ec9c46519cc5f3d5375a3351c46467c46"},
    {file = "zope.interface-5.4.0-cp36-cp36m-manylinux2010_i686.whl", hash = "sha256:334701327f37c47fa628fc8b8d28c7d7730ce7daaf4bda1efb741679c2b087fc"},
    {file = "zope.interface-5.4.0-cp36-cp36m-manylinux2010_x86_64.whl", hash = "sha256:71aace0c42d53abe6fc7f726c5d3b60d90f3c5c055a447950ad6ea9cec2e37d9"},
    {file = "zope.interface-5.4.0-cp36-cp36m-manylinux2014_aarch64.whl", hash = "sha256:5bb3489b4558e49ad2c5118137cfeaf59434f9737fa9c5deefc72d22c23822e2"},
    {file = "zope.interface-5.4.0-cp36-cp36m-win32.whl", hash = "sha256:1c0e316c9add0db48a5b703833881351444398b04111188069a26a61cfb4df78"},
    {file = "zope.interface-5.4.0-cp36-cp36m-win_amd64.whl", hash = "sha256:6f0c02cbb9691b7c91d5009108f975f8ffeab5dff8f26d62e21c493060eff2a1"},
    {file = "zope.interface-5.4.0-cp37-cp37m-macosx_10_14_x86_64.whl", hash = "sha256:7d97a4306898b05404a0dcdc32d9709b7d8832c0c542b861d9a826301719794e"},
    {file = "zope.interface-5.4.0-cp37-cp37m-manylinux1_i686.whl", hash = "sha256:867a5ad16892bf20e6c4ea2aab1971f45645ff3102ad29bd84c86027fa99997b"},
    {file = "zope.interface-5.4.0-cp37-cp37m-manylinux1_x86_64.whl", hash = "sha256:5f931a1c21dfa7a9c573ec1f50a31135ccce84e32507c54e1ea404894c5eb96f"},
    {file = "zope.interface-5.4.0-cp37-cp37m-manylinux2010_i686.whl", hash = "sha256:194d0bcb1374ac3e1e023961610dc8f2c78a0f5f634d0c737691e215569e640d"},
    {file = "zope.interface-5.4.0-cp37-cp37m-manylinux2010_x86_64.whl", hash = "sha256:8270252effc60b9642b423189a2fe90eb6b59e87cbee54549db3f5562ff8d1b8"},
    {file = "zope.interface-5.4.0-cp37-cp37m-manylinux2014_aarch64.whl", hash = "sha256:15e7d1f7a6ee16572e21e3576d2012b2778cbacf75eb4b7400be37455f5ca8bf"},
    {file = "zope.interface-5.4.0-cp37-cp37m-win32.whl", hash = "sha256:8892f89999ffd992208754851e5a052f6b5db70a1e3f7d54b17c5211e37a98c7"},
    {file = "zope.interface-5.4.0-cp37-cp37m-win_amd64.whl", hash = "sha256:2e5a26f16503be6c826abca904e45f1a44ff275fdb7e9d1b75c10671c26f8b94"},
    {file = "zope.interface-5.4.0-cp38-cp38-macosx_10_14_x86_64.whl", hash = "sha256:0f91b5b948686659a8e28b728ff5e74b1be6bf40cb04704453617e5f1e945ef3"},
    {file = "zope.interface-5.4.0-cp38-cp38-manylinux1_i686.whl", hash = "sha256:4de4bc9b6d35c5af65b454d3e9bc98c50eb3960d5a3762c9438df57427134b8e"},
    {file = "zope.interface-5.4.0-cp38-cp38-manylinux1_x86_64.whl", hash = "sha256:bf68f4b2b6683e52bec69273562df15af352e5ed25d1b6641e7efddc5951d1a7"},
    {file = "zope.interface-5.4.0-cp38-cp38-manylinux2010_i686.whl", hash = "sha256:63b82bb63de7c821428d513607e84c6d97d58afd1fe2eb645030bdc185440120"},
    {file = "zope.interface-5.4.0-cp38-cp38-manylinux2010_x86_64.whl", hash = "sha256:db1fa631737dab9fa0b37f3979d8d2631e348c3b4e8325d6873c2541d0ae5a48"},
    {file = "zope.interface-5.4.0-cp38-cp38-manylinux2014_aarch64.whl", hash = "sha256:f44e517131a98f7a76696a7b21b164bcb85291cee106a23beccce454e1f433a4"},
    {file = "zope.interface-5.4.0-cp38-cp38-win32.whl", hash = "sha256:a9506a7e80bcf6eacfff7f804c0ad5350c8c95b9010e4356a4b36f5322f09abb"},
    {file = "zope.interface-5.4.0-cp38-cp38-win_amd64.whl", hash = "sha256:3c02411a3b62668200910090a0dff17c0b25aaa36145082a5a6adf08fa281e54"},
    {file = "zope.interface-5.4.0-cp39-cp39-macosx_10_14_x86_64.whl", hash = "sha256:0cee5187b60ed26d56eb2960136288ce91bcf61e2a9405660d271d1f122a69a4"},
    {file = "zope.interface-5.4.0-cp39-cp39-manylinux1_i686.whl", hash = "sha256:a8156e6a7f5e2a0ff0c5b21d6bcb45145efece1909efcbbbf48c56f8da68221d"},
    {file = "zope.interface-5.4.0-cp39-cp39-manylinux1_x86_64.whl", hash = "sha256:205e40ccde0f37496904572035deea747390a8b7dc65146d30b96e2dd1359a83"},
    {file = "zope.interface-5.4.0-cp39-cp39-manylinux2010_i686.whl", hash = "sha256:3f24df7124c323fceb53ff6168da70dbfbae1442b4f3da439cd441681f54fe25"},
    {file = "zope.interface-5.4.0-cp39-cp39-manylinux2010_x86_64.whl", hash = "sha256:5208ebd5152e040640518a77827bdfcc73773a15a33d6644015b763b9c9febc1"},
    {file = "zope.interface-5.4.0-cp39-cp39-manylinux2014_aarch64.whl", hash = "sha256:17776ecd3a1fdd2b2cd5373e5ef8b307162f581c693575ec62e7c5399d80794c"},
    {file = "zope.interface-5.4.0-cp39-cp39-win32.whl", hash = "sha256:d4d9d6c1a455d4babd320203b918ccc7fcbefe308615c521062bc2ba1aa4d26e"},
    {file = "zope.interface-5.4.0-cp39-cp39-win_amd64.whl", hash = "sha256:0cba8477e300d64a11a9789ed40ee8932b59f9ee05f85276dbb4b59acee5dd09"},
    {file = "zope.interface-5.4.0.tar.gz", hash = "sha256:5dba5f530fec3f0988d83b78cc591b58c0b6eb8431a85edd1569a0539a8a5a0e"},
]
